// !$*UTF8*$!
{
	archiveVersion = 1;
	classes = {
	};
	objectVersion = 48;
	objects = {

/* Begin PBXBuildFile section */
		3DDFEA382071668D0041358C /* main.cpp in Sources */ = {isa = PBXBuildFile; fileRef = 3DDFEA372071668D0041358C /* main.cpp */; };
		3DDFEA48207166A60041358C /* sampling_utils.cpp in Sources */ = {isa = PBXBuildFile; fileRef = 3DDFEA40207166A50041358C /* sampling_utils.cpp */; };
		3DDFEA49207166A60041358C /* discrete_hmm_model.cpp in Sources */ = {isa = PBXBuildFile; fileRef = 3DDFEA42207166A50041358C /* discrete_hmm_model.cpp */; };
		3DDFEA4A207166A60041358C /* numerical_utils.cpp in Sources */ = {isa = PBXBuildFile; fileRef = 3DDFEA45207166A50041358C /* numerical_utils.cpp */; };
/* End PBXBuildFile section */

/* Begin PBXCopyFilesBuildPhase section */
		3DDFEA322071668D0041358C /* CopyFiles */ = {
			isa = PBXCopyFilesBuildPhase;
			buildActionMask = 2147483647;
			dstPath = /usr/share/man/man1/;
			dstSubfolderSpec = 0;
			files = (
			);
			runOnlyForDeploymentPostprocessing = 1;
		};
/* End PBXCopyFilesBuildPhase section */

/* Begin PBXFileReference section */
		3DDFEA342071668D0041358C /* spf */ = {isa = PBXFileReference; explicitFileType = "compiled.mach-o.executable"; includeInIndex = 0; path = spf; sourceTree = BUILT_PRODUCTS_DIR; };
		3DDFEA372071668D0041358C /* main.cpp */ = {isa = PBXFileReference; lastKnownFileType = sourcecode.cpp.cpp; path = main.cpp; sourceTree = "<group>"; };
		3DDFEA3F207166A50041358C /* smc.hpp */ = {isa = PBXFileReference; fileEncoding = 4; lastKnownFileType = sourcecode.cpp.h; path = smc.hpp; sourceTree = "<group>"; };
		3DDFEA40207166A50041358C /* sampling_utils.cpp */ = {isa = PBXFileReference; fileEncoding = 4; lastKnownFileType = sourcecode.cpp.cpp; path = sampling_utils.cpp; sourceTree = "<group>"; };
		3DDFEA41207166A50041358C /* discrete_hmm_model.hpp */ = {isa = PBXFileReference; fileEncoding = 4; lastKnownFileType = sourcecode.cpp.h; path = discrete_hmm_model.hpp; sourceTree = "<group>"; };
		3DDFEA42207166A50041358C /* discrete_hmm_model.cpp */ = {isa = PBXFileReference; fileEncoding = 4; lastKnownFileType = sourcecode.cpp.cpp; path = discrete_hmm_model.cpp; sourceTree = "<group>"; };
		3DDFEA43207166A50041358C /* smc_model.hpp */ = {isa = PBXFileReference; fileEncoding = 4; lastKnownFileType = sourcecode.cpp.h; path = smc_model.hpp; sourceTree = "<group>"; };
		3DDFEA44207166A50041358C /* numerical_utils.hpp */ = {isa = PBXFileReference; fileEncoding = 4; lastKnownFileType = sourcecode.cpp.h; path = numerical_utils.hpp; sourceTree = "<group>"; };
		3DDFEA45207166A50041358C /* numerical_utils.cpp */ = {isa = PBXFileReference; fileEncoding = 4; lastKnownFileType = sourcecode.cpp.cpp; path = numerical_utils.cpp; sourceTree = "<group>"; };
		3DDFEA46207166A60041358C /* sampling_utils.hpp */ = {isa = PBXFileReference; fileEncoding = 4; lastKnownFileType = sourcecode.cpp.h; path = sampling_utils.hpp; sourceTree = "<group>"; };
/* End PBXFileReference section */

/* Begin PBXFrameworksBuildPhase section */
		3DDFEA312071668D0041358C /* Frameworks */ = {
			isa = PBXFrameworksBuildPhase;
			buildActionMask = 2147483647;
			files = (
			);
			runOnlyForDeploymentPostprocessing = 0;
		};
/* End PBXFrameworksBuildPhase section */

/* Begin PBXGroup section */
		3DDFEA2B2071668D0041358C = {
			isa = PBXGroup;
			children = (
				3DDFEA362071668D0041358C /* spf */,
				3DDFEA352071668D0041358C /* Products */,
			);
			sourceTree = "<group>";
		};
		3DDFEA352071668D0041358C /* Products */ = {
			isa = PBXGroup;
			children = (
				3DDFEA342071668D0041358C /* spf */,
			);
			name = Products;
			sourceTree = "<group>";
		};
		3DDFEA362071668D0041358C /* spf */ = {
			isa = PBXGroup;
			children = (
				3DDFEA42207166A50041358C /* discrete_hmm_model.cpp */,
				3DDFEA41207166A50041358C /* discrete_hmm_model.hpp */,
				3DDFEA45207166A50041358C /* numerical_utils.cpp */,
				3DDFEA44207166A50041358C /* numerical_utils.hpp */,
				3DDFEA40207166A50041358C /* sampling_utils.cpp */,
				3DDFEA46207166A60041358C /* sampling_utils.hpp */,
				3DDFEA43207166A50041358C /* smc_model.hpp */,
				3DDFEA3F207166A50041358C /* smc.hpp */,
				3DDFEA372071668D0041358C /* main.cpp */,
			);
			path = spf;
			sourceTree = "<group>";
		};
/* End PBXGroup section */

/* Begin PBXNativeTarget section */
		3DDFEA332071668D0041358C /* spf */ = {
			isa = PBXNativeTarget;
			buildConfigurationList = 3DDFEA3B2071668D0041358C /* Build configuration list for PBXNativeTarget "spf" */;
			buildPhases = (
				3DDFEA302071668D0041358C /* Sources */,
				3DDFEA312071668D0041358C /* Frameworks */,
				3DDFEA322071668D0041358C /* CopyFiles */,
			);
			buildRules = (
			);
			dependencies = (
			);
			name = spf;
			productName = spf;
			productReference = 3DDFEA342071668D0041358C /* spf */;
			productType = "com.apple.product-type.tool";
		};
/* End PBXNativeTarget section */

/* Begin PBXProject section */
		3DDFEA2C2071668D0041358C /* Project object */ = {
			isa = PBXProject;
			attributes = {
				LastUpgradeCheck = 0920;
				ORGANIZATIONNAME = "Seong-Hwan Jun";
				TargetAttributes = {
					3DDFEA332071668D0041358C = {
						CreatedOnToolsVersion = 9.2;
						ProvisioningStyle = Automatic;
					};
				};
			};
			buildConfigurationList = 3DDFEA2F2071668D0041358C /* Build configuration list for PBXProject "spf" */;
			compatibilityVersion = "Xcode 8.0";
			developmentRegion = en;
			hasScannedForEncodings = 0;
			knownRegions = (
				en,
			);
			mainGroup = 3DDFEA2B2071668D0041358C;
			productRefGroup = 3DDFEA352071668D0041358C /* Products */;
			projectDirPath = "";
			projectRoot = "";
			targets = (
				3DDFEA332071668D0041358C /* spf */,
			);
		};
/* End PBXProject section */

/* Begin PBXSourcesBuildPhase section */
		3DDFEA302071668D0041358C /* Sources */ = {
			isa = PBXSourcesBuildPhase;
			buildActionMask = 2147483647;
			files = (
				3DDFEA48207166A60041358C /* sampling_utils.cpp in Sources */,
				3DDFEA382071668D0041358C /* main.cpp in Sources */,
				3DDFEA49207166A60041358C /* discrete_hmm_model.cpp in Sources */,
				3DDFEA4A207166A60041358C /* numerical_utils.cpp in Sources */,
			);
			runOnlyForDeploymentPostprocessing = 0;
		};
/* End PBXSourcesBuildPhase section */

/* Begin XCBuildConfiguration section */
		3DDFEA392071668D0041358C /* Debug */ = {
			isa = XCBuildConfiguration;
			buildSettings = {
				ALWAYS_SEARCH_USER_PATHS = NO;
				CLANG_ANALYZER_NONNULL = YES;
				CLANG_ANALYZER_NUMBER_OBJECT_CONVERSION = YES_AGGRESSIVE;
				CLANG_CXX_LANGUAGE_STANDARD = "gnu++14";
				CLANG_CXX_LIBRARY = "libc++";
				CLANG_ENABLE_MODULES = YES;
				CLANG_ENABLE_OBJC_ARC = YES;
				CLANG_WARN_BLOCK_CAPTURE_AUTORELEASING = YES;
				CLANG_WARN_BOOL_CONVERSION = YES;
				CLANG_WARN_COMMA = YES;
				CLANG_WARN_CONSTANT_CONVERSION = YES;
				CLANG_WARN_DIRECT_OBJC_ISA_USAGE = YES_ERROR;
				CLANG_WARN_DOCUMENTATION_COMMENTS = YES;
				CLANG_WARN_EMPTY_BODY = YES;
				CLANG_WARN_ENUM_CONVERSION = YES;
				CLANG_WARN_INFINITE_RECURSION = YES;
				CLANG_WARN_INT_CONVERSION = YES;
				CLANG_WARN_NON_LITERAL_NULL_CONVERSION = YES;
				CLANG_WARN_OBJC_LITERAL_CONVERSION = YES;
				CLANG_WARN_OBJC_ROOT_CLASS = YES_ERROR;
				CLANG_WARN_RANGE_LOOP_ANALYSIS = YES;
				CLANG_WARN_STRICT_PROTOTYPES = YES;
				CLANG_WARN_SUSPICIOUS_MOVE = YES;
				CLANG_WARN_UNGUARDED_AVAILABILITY = YES_AGGRESSIVE;
				CLANG_WARN_UNREACHABLE_CODE = YES;
				CLANG_WARN__DUPLICATE_METHOD_MATCH = YES;
				CODE_SIGN_IDENTITY = "-";
				COPY_PHASE_STRIP = NO;
				DEBUG_INFORMATION_FORMAT = dwarf;
				ENABLE_STRICT_OBJC_MSGSEND = YES;
				ENABLE_TESTABILITY = YES;
				GCC_C_LANGUAGE_STANDARD = gnu11;
				GCC_DYNAMIC_NO_PIC = NO;
				GCC_NO_COMMON_BLOCKS = YES;
				GCC_OPTIMIZATION_LEVEL = 0;
				GCC_PREPROCESSOR_DEFINITIONS = (
					"DEBUG=1",
					"$(inherited)",
				);
				GCC_WARN_64_TO_32_BIT_CONVERSION = YES;
				GCC_WARN_ABOUT_RETURN_TYPE = YES_ERROR;
				GCC_WARN_UNDECLARED_SELECTOR = YES;
				GCC_WARN_UNINITIALIZED_AUTOS = YES_AGGRESSIVE;
				GCC_WARN_UNUSED_FUNCTION = YES;
				GCC_WARN_UNUSED_VARIABLE = YES;
				MACOSX_DEPLOYMENT_TARGET = 10.13;
				MTL_ENABLE_DEBUG_INFO = YES;
				ONLY_ACTIVE_ARCH = YES;
				SDKROOT = macosx;
			};
			name = Debug;
		};
		3DDFEA3A2071668D0041358C /* Release */ = {
			isa = XCBuildConfiguration;
			buildSettings = {
				ALWAYS_SEARCH_USER_PATHS = NO;
				CLANG_ANALYZER_NONNULL = YES;
				CLANG_ANALYZER_NUMBER_OBJECT_CONVERSION = YES_AGGRESSIVE;
				CLANG_CXX_LANGUAGE_STANDARD = "gnu++14";
				CLANG_CXX_LIBRARY = "libc++";
				CLANG_ENABLE_MODULES = YES;
				CLANG_ENABLE_OBJC_ARC = YES;
				CLANG_WARN_BLOCK_CAPTURE_AUTORELEASING = YES;
				CLANG_WARN_BOOL_CONVERSION = YES;
				CLANG_WARN_COMMA = YES;
				CLANG_WARN_CONSTANT_CONVERSION = YES;
				CLANG_WARN_DIRECT_OBJC_ISA_USAGE = YES_ERROR;
				CLANG_WARN_DOCUMENTATION_COMMENTS = YES;
				CLANG_WARN_EMPTY_BODY = YES;
				CLANG_WARN_ENUM_CONVERSION = YES;
				CLANG_WARN_INFINITE_RECURSION = YES;
				CLANG_WARN_INT_CONVERSION = YES;
				CLANG_WARN_NON_LITERAL_NULL_CONVERSION = YES;
				CLANG_WARN_OBJC_LITERAL_CONVERSION = YES;
				CLANG_WARN_OBJC_ROOT_CLASS = YES_ERROR;
				CLANG_WARN_RANGE_LOOP_ANALYSIS = YES;
				CLANG_WARN_STRICT_PROTOTYPES = YES;
				CLANG_WARN_SUSPICIOUS_MOVE = YES;
				CLANG_WARN_UNGUARDED_AVAILABILITY = YES_AGGRESSIVE;
				CLANG_WARN_UNREACHABLE_CODE = YES;
				CLANG_WARN__DUPLICATE_METHOD_MATCH = YES;
				CODE_SIGN_IDENTITY = "-";
				COPY_PHASE_STRIP = NO;
				DEBUG_INFORMATION_FORMAT = "dwarf-with-dsym";
				ENABLE_NS_ASSERTIONS = NO;
				ENABLE_STRICT_OBJC_MSGSEND = YES;
				GCC_C_LANGUAGE_STANDARD = gnu11;
				GCC_NO_COMMON_BLOCKS = YES;
				GCC_WARN_64_TO_32_BIT_CONVERSION = YES;
				GCC_WARN_ABOUT_RETURN_TYPE = YES_ERROR;
				GCC_WARN_UNDECLARED_SELECTOR = YES;
				GCC_WARN_UNINITIALIZED_AUTOS = YES_AGGRESSIVE;
				GCC_WARN_UNUSED_FUNCTION = YES;
				GCC_WARN_UNUSED_VARIABLE = YES;
				MACOSX_DEPLOYMENT_TARGET = 10.13;
				MTL_ENABLE_DEBUG_INFO = NO;
				SDKROOT = macosx;
			};
			name = Release;
		};
		3DDFEA3C2071668D0041358C /* Debug */ = {
			isa = XCBuildConfiguration;
			buildSettings = {
				CODE_SIGN_STYLE = Automatic;
				HEADER_SEARCH_PATHS = /usr/local/include;
				LIBRARY_SEARCH_PATHS = /usr/local/lib;
				OTHER_LDFLAGS = (
					"-lgsl",
					"-lgslcblas",
				);
				PRODUCT_NAME = "$(TARGET_NAME)";
			};
			name = Debug;
		};
		3DDFEA3D2071668D0041358C /* Release */ = {
			isa = XCBuildConfiguration;
			buildSettings = {
				CODE_SIGN_STYLE = Automatic;
				HEADER_SEARCH_PATHS = /usr/local/include;
				LIBRARY_SEARCH_PATHS = /usr/local/lib;
				OTHER_LDFLAGS = (
					"-lgsl",
					"-lgslcblas",
				);
				PRODUCT_NAME = "$(TARGET_NAME)";
			};
			name = Release;
		};
/* End XCBuildConfiguration section */

/* Begin XCConfigurationList section */
		3DDFEA2F2071668D0041358C /* Build configuration list for PBXProject "spf" */ = {
			isa = XCConfigurationList;
			buildConfigurations = (
				3DDFEA392071668D0041358C /* Debug */,
				3DDFEA3A2071668D0041358C /* Release */,
			);
			defaultConfigurationIsVisible = 0;
			defaultConfigurationName = Release;
		};
		3DDFEA3B2071668D0041358C /* Build configuration list for PBXNativeTarget "spf" */ = {
			isa = XCConfigurationList;
			buildConfigurations = (
				3DDFEA3C2071668D0041358C /* Debug */,
				3DDFEA3D2071668D0041358C /* Release */,
			);
			defaultConfigurationIsVisible = 0;
			defaultConfigurationName = Release;
		};
/* End XCConfigurationList section */
	};
	rootObject = 3DDFEA2C2071668D0041358C /* Project object */;
}
